
Microsoft Visual Studio Solution File, Format Version 12.00
# Visual Studio Version 17
VisualStudioVersion = 17.6.33815.320
MinimumVisualStudioVersion = 10.0.40219.1
Project("{FAE04EC0-301F-11D3-BF4B-00C04F79EFBC}") = "FIndMeARoomate", "FIndMeARoomate.csproj", "{D0C51D4C-4E21-4092-B798-7205DF5593FB}"
EndProject
Global
	GlobalSection(SolutionConfigurationPlatforms) = preSolution
		Debug|Any CPU = Debug|Any CPU
		Release|Any CPU = Release|Any CPU
	EndGlobalSection
	GlobalSection(ProjectConfigurationPlatforms) = postSolution
		{D0C51D4C-4E21-4092-B798-7205DF5593FB}.Debug|Any CPU.ActiveCfg = Debug|Any CPU
		{D0C51D4C-4E21-4092-B798-7205DF5593FB}.Debug|Any CPU.Build.0 = Debug|Any CPU
		{D0C51D4C-4E21-4092-B798-7205DF5593FB}.Release|Any CPU.ActiveCfg = Release|Any CPU
		{D0C51D4C-4E21-4092-B798-7205DF5593FB}.Release|Any CPU.Build.0 = Release|Any CPU
	EndGlobalSection
	GlobalSection(SolutionProperties) = preSolution
		HideSolutionNode = FALSE
	EndGlobalSection
	GlobalSection(ExtensibilityGlobals) = postSolution
		SolutionGuid = {09592E45-24F2-492E-A2BE-5DE0F5BA79BC}
	EndGlobalSection
EndGlobal
